
Microsoft Visual Studio Solution File, Format Version 12.00
# Visual Studio Version 17
VisualStudioVersion = 17.8.34322.80
MinimumVisualStudioVersion = 10.0.40219.1
Project("{888888A0-9F3D-457C-B088-3A5042F75D52}") = "Sirakus", "Sirakus\Sirakus.pyproj", "{7CA0579F-4ACD-4CD8-B3CA-0F53A5D69F51}"
EndProject
Global
	GlobalSection(SolutionConfigurationPlatforms) = preSolution
		Debug|Any CPU = Debug|Any CPU
		Release|Any CPU = Release|Any CPU
	EndGlobalSection
	GlobalSection(ProjectConfigurationPlatforms) = postSolution
		{7CA0579F-4ACD-4CD8-B3CA-0F53A5D69F51}.Debug|Any CPU.ActiveCfg = Debug|Any CPU
		{7CA0579F-4ACD-4CD8-B3CA-0F53A5D69F51}.Release|Any CPU.ActiveCfg = Release|Any CPU
	EndGlobalSection
	GlobalSection(SolutionProperties) = preSolution
		HideSolutionNode = FALSE
	EndGlobalSection
	GlobalSection(ExtensibilityGlobals) = postSolution
		SolutionGuid = {E02588CE-7362-448B-901A-8B944F2EAF1A}
	EndGlobalSection
EndGlobal
